// !$*UTF8*$!
{
	archiveVersion = 1;
	classes = {
	};
	objectVersion = 46;
	objects = {

/* Begin PBXBuildFile section */
		4D72FDCAE364BB83ACB2D80C /* Pods_Makestagram.framework in Frameworks */ = {isa = PBXBuildFile; fileRef = 12FB0D3885CE360EDAE93E18 /* Pods_Makestagram.framework */; };
		FEB931931F02EEF7009659FA /* makestagram_assets in Resources */ = {isa = PBXBuildFile; fileRef = FEB931921F02EEF7009659FA /* makestagram_assets */; };
		FEB931991F02FA55009659FA /* GoogleService-Info.plist in Resources */ = {isa = PBXBuildFile; fileRef = FEB931981F02FA55009659FA /* GoogleService-Info.plist */; };
		FEE03D391F01665800DBD89E /* AppDelegate.swift in Sources */ = {isa = PBXBuildFile; fileRef = FEE03D381F01665800DBD89E /* AppDelegate.swift */; };
		FEE03D401F01665800DBD89E /* Assets.xcassets in Resources */ = {isa = PBXBuildFile; fileRef = FEE03D3F1F01665800DBD89E /* Assets.xcassets */; };
		FEE03D581F016AA300DBD89E /* Main.storyboard in Resources */ = {isa = PBXBuildFile; fileRef = FEE03D531F016AA300DBD89E /* Main.storyboard */; };
		FEE7BD381F03F45100A42C10 /* MGPhotoHelper.swift in Sources */ = {isa = PBXBuildFile; fileRef = FEE7BD371F03F45100A42C10 /* MGPhotoHelper.swift */; };
		FEE7BD3A1F03F46500A42C10 /* Storyboard+Utility.swift in Sources */ = {isa = PBXBuildFile; fileRef = FEE7BD391F03F46500A42C10 /* Storyboard+Utility.swift */; };
		FEE7BD3E1F03F46E00A42C10 /* PostService.swift in Sources */ = {isa = PBXBuildFile; fileRef = FEE7BD3B1F03F46E00A42C10 /* PostService.swift */; };
		FEE7BD3F1F03F46E00A42C10 /* StorageService.swift in Sources */ = {isa = PBXBuildFile; fileRef = FEE7BD3C1F03F46E00A42C10 /* StorageService.swift */; };
		FEE7BD401F03F46E00A42C10 /* UserService.swift in Sources */ = {isa = PBXBuildFile; fileRef = FEE7BD3D1F03F46E00A42C10 /* UserService.swift */; };
		FEE7BD461F03F47A00A42C10 /* CreateUsernameViewController.swift in Sources */ = {isa = PBXBuildFile; fileRef = FEE7BD411F03F47A00A42C10 /* CreateUsernameViewController.swift */; };
		FEE7BD471F03F47A00A42C10 /* FindFriendsViewController.swift in Sources */ = {isa = PBXBuildFile; fileRef = FEE7BD421F03F47A00A42C10 /* FindFriendsViewController.swift */; };
		FEE7BD481F03F47A00A42C10 /* HomeViewController.swift in Sources */ = {isa = PBXBuildFile; fileRef = FEE7BD431F03F47A00A42C10 /* HomeViewController.swift */; };
		FEE7BD491F03F47A00A42C10 /* LoginViewController.swift in Sources */ = {isa = PBXBuildFile; fileRef = FEE7BD441F03F47A00A42C10 /* LoginViewController.swift */; };
		FEE7BD4A1F03F47A00A42C10 /* MainTabBarController.swift in Sources */ = {isa = PBXBuildFile; fileRef = FEE7BD451F03F47A00A42C10 /* MainTabBarController.swift */; };
		FEE7BD4C1F03F48200A42C10 /* User.swift in Sources */ = {isa = PBXBuildFile; fileRef = FEE7BD4B1F03F48200A42C10 /* User.swift */; };
		FEE7BD4E1F03F48B00A42C10 /* Login.storyboard in Resources */ = {isa = PBXBuildFile; fileRef = FEE7BD4D1F03F48B00A42C10 /* Login.storyboard */; };
		FEE7BD511F03F4A200A42C10 /* Constants.swift in Sources */ = {isa = PBXBuildFile; fileRef = FEE7BD4F1F03F4A200A42C10 /* Constants.swift */; };
		FEE7BD521F03F4A200A42C10 /* LaunchScreen.storyboard in Resources */ = {isa = PBXBuildFile; fileRef = FEE7BD501F03F4A200A42C10 /* LaunchScreen.storyboard */; };
		FEE7BD541F03FB7B00A42C10 /* Post.swift in Sources */ = {isa = PBXBuildFile; fileRef = FEE7BD531F03FB7B00A42C10 /* Post.swift */; };
		FEE7BD561F03FCE900A42C10 /* UIImage+Size.swift in Sources */ = {isa = PBXBuildFile; fileRef = FEE7BD551F03FCE900A42C10 /* UIImage+Size.swift */; };
		FEE7BD581F03FD3100A42C10 /* StorageReference+Post.swift in Sources */ = {isa = PBXBuildFile; fileRef = FEE7BD571F03FD3100A42C10 /* StorageReference+Post.swift */; };
/* End PBXBuildFile section */

/* Begin PBXFileReference section */
		12FB0D3885CE360EDAE93E18 /* Pods_Makestagram.framework */ = {isa = PBXFileReference; explicitFileType = wrapper.framework; includeInIndex = 0; path = Pods_Makestagram.framework; sourceTree = BUILT_PRODUCTS_DIR; };
		546B04A22D5BD767592A77DE /* Pods-Makestagram.debug.xcconfig */ = {isa = PBXFileReference; includeInIndex = 1; lastKnownFileType = text.xcconfig; name = "Pods-Makestagram.debug.xcconfig"; path = "Pods/Target Support Files/Pods-Makestagram/Pods-Makestagram.debug.xcconfig"; sourceTree = "<group>"; };
		805A9D5BBDE4F549DE786CC1 /* Pods-Makestagram.release.xcconfig */ = {isa = PBXFileReference; includeInIndex = 1; lastKnownFileType = text.xcconfig; name = "Pods-Makestagram.release.xcconfig"; path = "Pods/Target Support Files/Pods-Makestagram/Pods-Makestagram.release.xcconfig"; sourceTree = "<group>"; };
		FEB931921F02EEF7009659FA /* makestagram_assets */ = {isa = PBXFileReference; lastKnownFileType = folder; name = makestagram_assets; path = ../../../../Downloads/makestagram_assets; sourceTree = "<group>"; };
		FEB931981F02FA55009659FA /* GoogleService-Info.plist */ = {isa = PBXFileReference; fileEncoding = 4; lastKnownFileType = text.plist.xml; name = "GoogleService-Info.plist"; path = "../../../../Downloads/GoogleService-Info.plist"; sourceTree = "<group>"; };
		FEE03D351F01665800DBD89E /* Makestagram.app */ = {isa = PBXFileReference; explicitFileType = wrapper.application; includeInIndex = 0; path = Makestagram.app; sourceTree = BUILT_PRODUCTS_DIR; };
		FEE03D381F01665800DBD89E /* AppDelegate.swift */ = {isa = PBXFileReference; lastKnownFileType = sourcecode.swift; path = AppDelegate.swift; sourceTree = "<group>"; };
		FEE03D3F1F01665800DBD89E /* Assets.xcassets */ = {isa = PBXFileReference; lastKnownFileType = folder.assetcatalog; path = Assets.xcassets; sourceTree = "<group>"; };
		FEE03D511F016AA300DBD89E /* Info.plist */ = {isa = PBXFileReference; fileEncoding = 4; lastKnownFileType = text.plist.xml; name = Info.plist; path = Supporting/Info.plist; sourceTree = "<group>"; };
		FEE03D531F016AA300DBD89E /* Main.storyboard */ = {isa = PBXFileReference; fileEncoding = 4; lastKnownFileType = file.storyboard; name = Main.storyboard; path = Storyboards/Main.storyboard; sourceTree = "<group>"; };
		FEE7BD371F03F45100A42C10 /* MGPhotoHelper.swift */ = {isa = PBXFileReference; fileEncoding = 4; lastKnownFileType = sourcecode.swift; name = MGPhotoHelper.swift; path = Helpers/MGPhotoHelper.swift; sourceTree = "<group>"; };
		FEE7BD391F03F46500A42C10 /* Storyboard+Utility.swift */ = {isa = PBXFileReference; fileEncoding = 4; lastKnownFileType = sourcecode.swift; name = "Storyboard+Utility.swift"; path = "Extensions/Storyboard+Utility.swift"; sourceTree = "<group>"; };
		FEE7BD3B1F03F46E00A42C10 /* PostService.swift */ = {isa = PBXFileReference; fileEncoding = 4; lastKnownFileType = sourcecode.swift; name = PostService.swift; path = Services/PostService.swift; sourceTree = "<group>"; };
		FEE7BD3C1F03F46E00A42C10 /* StorageService.swift */ = {isa = PBXFileReference; fileEncoding = 4; lastKnownFileType = sourcecode.swift; name = StorageService.swift; path = Services/StorageService.swift; sourceTree = "<group>"; };
		FEE7BD3D1F03F46E00A42C10 /* UserService.swift */ = {isa = PBXFileReference; fileEncoding = 4; lastKnownFileType = sourcecode.swift; name = UserService.swift; path = Services/UserService.swift; sourceTree = "<group>"; };
		FEE7BD411F03F47A00A42C10 /* CreateUsernameViewController.swift */ = {isa = PBXFileReference; fileEncoding = 4; lastKnownFileType = sourcecode.swift; name = CreateUsernameViewController.swift; path = Controllers/CreateUsernameViewController.swift; sourceTree = "<group>"; };
		FEE7BD421F03F47A00A42C10 /* FindFriendsViewController.swift */ = {isa = PBXFileReference; fileEncoding = 4; lastKnownFileType = sourcecode.swift; name = FindFriendsViewController.swift; path = Controllers/FindFriendsViewController.swift; sourceTree = "<group>"; };
		FEE7BD431F03F47A00A42C10 /* HomeViewController.swift */ = {isa = PBXFileReference; fileEncoding = 4; lastKnownFileType = sourcecode.swift; name = HomeViewController.swift; path = Controllers/HomeViewController.swift; sourceTree = "<group>"; };
		FEE7BD441F03F47A00A42C10 /* LoginViewController.swift */ = {isa = PBXFileReference; fileEncoding = 4; lastKnownFileType = sourcecode.swift; name = LoginViewController.swift; path = Controllers/LoginViewController.swift; sourceTree = "<group>"; };
		FEE7BD451F03F47A00A42C10 /* MainTabBarController.swift */ = {isa = PBXFileReference; fileEncoding = 4; lastKnownFileType = sourcecode.swift; name = MainTabBarController.swift; path = Controllers/MainTabBarController.swift; sourceTree = "<group>"; };
		FEE7BD4B1F03F48200A42C10 /* User.swift */ = {isa = PBXFileReference; fileEncoding = 4; lastKnownFileType = sourcecode.swift; name = User.swift; path = Models/User.swift; sourceTree = "<group>"; };
		FEE7BD4D1F03F48B00A42C10 /* Login.storyboard */ = {isa = PBXFileReference; fileEncoding = 4; lastKnownFileType = file.storyboard; name = Login.storyboard; path = Storyboards/Login.storyboard; sourceTree = "<group>"; };
		FEE7BD4F1F03F4A200A42C10 /* Constants.swift */ = {isa = PBXFileReference; fileEncoding = 4; lastKnownFileType = sourcecode.swift; name = Constants.swift; path = Supporting/Constants.swift; sourceTree = "<group>"; };
		FEE7BD501F03F4A200A42C10 /* LaunchScreen.storyboard */ = {isa = PBXFileReference; fileEncoding = 4; lastKnownFileType = file.storyboard; name = LaunchScreen.storyboard; path = Supporting/LaunchScreen.storyboard; sourceTree = "<group>"; };
		FEE7BD531F03FB7B00A42C10 /* Post.swift */ = {isa = PBXFileReference; fileEncoding = 4; lastKnownFileType = sourcecode.swift; path = Post.swift; sourceTree = "<group>"; };
		FEE7BD551F03FCE900A42C10 /* UIImage+Size.swift */ = {isa = PBXFileReference; fileEncoding = 4; lastKnownFileType = sourcecode.swift; path = "UIImage+Size.swift"; sourceTree = "<group>"; };
		FEE7BD571F03FD3100A42C10 /* StorageReference+Post.swift */ = {isa = PBXFileReference; fileEncoding = 4; lastKnownFileType = sourcecode.swift; path = "StorageReference+Post.swift"; sourceTree = "<group>"; };
/* End PBXFileReference section */

/* Begin PBXFrameworksBuildPhase section */
		FEE03D321F01665800DBD89E /* Frameworks */ = {
			isa = PBXFrameworksBuildPhase;
			buildActionMask = 2147483647;
			files = (
				4D72FDCAE364BB83ACB2D80C /* Pods_Makestagram.framework in Frameworks */,
			);
			runOnlyForDeploymentPostprocessing = 0;
		};
/* End PBXFrameworksBuildPhase section */

/* Begin PBXGroup section */
		4AE619E2C1BC2EC62C6DDE79 /* Pods */ = {
			isa = PBXGroup;
			children = (
				546B04A22D5BD767592A77DE /* Pods-Makestagram.debug.xcconfig */,
				805A9D5BBDE4F549DE786CC1 /* Pods-Makestagram.release.xcconfig */,
			);
			name = Pods;
			sourceTree = "<group>";
		};
		A23D7D49E0AD90DDE5D209DC /* Frameworks */ = {
			isa = PBXGroup;
			children = (
				12FB0D3885CE360EDAE93E18 /* Pods_Makestagram.framework */,
			);
			name = Frameworks;
			sourceTree = "<group>";
		};
		FE2013D51F0343200031D7B6 /* Helpers */ = {
			isa = PBXGroup;
			children = (
				FEE7BD371F03F45100A42C10 /* MGPhotoHelper.swift */,
			);
			name = Helpers;
			sourceTree = "<group>";
		};
		FEB931831F01ADEE009659FA /* Models */ = {
			isa = PBXGroup;
			children = (
				FEE7BD4B1F03F48200A42C10 /* User.swift */,
				FEE7BD531F03FB7B00A42C10 /* Post.swift */,
			);
			name = Models;
			sourceTree = "<group>";
		};
		FEB931881F02C18E009659FA /* Services */ = {
			isa = PBXGroup;
			children = (
				FEE7BD3B1F03F46E00A42C10 /* PostService.swift */,
				FEE7BD3C1F03F46E00A42C10 /* StorageService.swift */,
				FEE7BD3D1F03F46E00A42C10 /* UserService.swift */,
			);
			name = Services;
			sourceTree = "<group>";
		};
		FEB9318D1F02DD98009659FA /* Extensions */ = {
			isa = PBXGroup;
			children = (
				FEE7BD391F03F46500A42C10 /* Storyboard+Utility.swift */,
				FEE7BD551F03FCE900A42C10 /* UIImage+Size.swift */,
				FEE7BD571F03FD3100A42C10 /* StorageReference+Post.swift */,
			);
			name = Extensions;
			sourceTree = "<group>";
		};
		FEE03D2C1F01665800DBD89E = {
			isa = PBXGroup;
			children = (
				FEE03D371F01665800DBD89E /* Makestagram */,
				4AE619E2C1BC2EC62C6DDE79 /* Pods */,
				FEE03D361F01665800DBD89E /* Products */,
				A23D7D49E0AD90DDE5D209DC /* Frameworks */,
			);
			sourceTree = "<group>";
		};
		FEE03D361F01665800DBD89E /* Products */ = {
			isa = PBXGroup;
			children = (
				FEE03D351F01665800DBD89E /* Makestagram.app */,
			);
			name = Products;
			sourceTree = "<group>";
		};
		FEE03D371F01665800DBD89E /* Makestagram */ = {
			isa = PBXGroup;
			children = (
				FEE03D381F01665800DBD89E /* AppDelegate.swift */,
				FE2013D51F0343200031D7B6 /* Helpers */,
				FEB9318D1F02DD98009659FA /* Extensions */,
				FEB931881F02C18E009659FA /* Services */,
				FEE03D3F1F01665800DBD89E /* Assets.xcassets */,
				FEB931921F02EEF7009659FA /* makestagram_assets */,
				FEE03D5B1F016B4600DBD89E /* View Controllers */,
				FEB931831F01ADEE009659FA /* Models */,
				FEE03D5C1F016B6B00DBD89E /* Storyboards */,
				FEE03D5A1F016B2000DBD89E /* Supporting Files */,
			);
			path = Makestagram;
			sourceTree = "<group>";
		};
		FEE03D5A1F016B2000DBD89E /* Supporting Files */ = {
			isa = PBXGroup;
			children = (
				FEE7BD4F1F03F4A200A42C10 /* Constants.swift */,
				FEE7BD501F03F4A200A42C10 /* LaunchScreen.storyboard */,
				FEB931981F02FA55009659FA /* GoogleService-Info.plist */,
				FEE03D511F016AA300DBD89E /* Info.plist */,
			);
			name = "Supporting Files";
			sourceTree = "<group>";
		};
		FEE03D5B1F016B4600DBD89E /* View Controllers */ = {
			isa = PBXGroup;
			children = (
				FEE7BD411F03F47A00A42C10 /* CreateUsernameViewController.swift */,
				FEE7BD421F03F47A00A42C10 /* FindFriendsViewController.swift */,
				FEE7BD431F03F47A00A42C10 /* HomeViewController.swift */,
				FEE7BD441F03F47A00A42C10 /* LoginViewController.swift */,
				FEE7BD451F03F47A00A42C10 /* MainTabBarController.swift */,
			);
			name = "View Controllers";
			sourceTree = "<group>";
		};
		FEE03D5C1F016B6B00DBD89E /* Storyboards */ = {
			isa = PBXGroup;
			children = (
				FEE7BD4D1F03F48B00A42C10 /* Login.storyboard */,
				FEE03D531F016AA300DBD89E /* Main.storyboard */,
			);
			name = Storyboards;
			sourceTree = "<group>";
		};
/* End PBXGroup section */

/* Begin PBXNativeTarget section */
		FEE03D341F01665800DBD89E /* Makestagram */ = {
			isa = PBXNativeTarget;
			buildConfigurationList = FEE03D471F01665800DBD89E /* Build configuration list for PBXNativeTarget "Makestagram" */;
			buildPhases = (
				48903AC6E333805B44DAB6A8 /* [CP] Check Pods Manifest.lock */,
				FEE03D311F01665800DBD89E /* Sources */,
				FEE03D321F01665800DBD89E /* Frameworks */,
				FEE03D331F01665800DBD89E /* Resources */,
				D548F49CFF1F6F119866CF5F /* [CP] Embed Pods Frameworks */,
				BEFA313F93F20EA63FCB585B /* [CP] Copy Pods Resources */,
			);
			buildRules = (
			);
			dependencies = (
			);
			name = Makestagram;
			productName = Makestagram;
			productReference = FEE03D351F01665800DBD89E /* Makestagram.app */;
			productType = "com.apple.product-type.application";
		};
/* End PBXNativeTarget section */

/* Begin PBXProject section */
		FEE03D2D1F01665800DBD89E /* Project object */ = {
			isa = PBXProject;
			attributes = {
				LastSwiftUpdateCheck = 0830;
				LastUpgradeCheck = 0830;
				ORGANIZATIONNAME = "Make School";
				TargetAttributes = {
					FEE03D341F01665800DBD89E = {
						CreatedOnToolsVersion = 8.3.3;
						DevelopmentTeam = ZHF2BK8EVZ;
						ProvisioningStyle = Automatic;
					};
				};
			};
			buildConfigurationList = FEE03D301F01665800DBD89E /* Build configuration list for PBXProject "Makestagram" */;
			compatibilityVersion = "Xcode 3.2";
			developmentRegion = English;
			hasScannedForEncodings = 0;
			knownRegions = (
				en,
				Base,
			);
			mainGroup = FEE03D2C1F01665800DBD89E;
			productRefGroup = FEE03D361F01665800DBD89E /* Products */;
			projectDirPath = "";
			projectRoot = "";
			targets = (
				FEE03D341F01665800DBD89E /* Makestagram */,
			);
		};
/* End PBXProject section */

/* Begin PBXResourcesBuildPhase section */
		FEE03D331F01665800DBD89E /* Resources */ = {
			isa = PBXResourcesBuildPhase;
			buildActionMask = 2147483647;
			files = (
				FEE03D401F01665800DBD89E /* Assets.xcassets in Resources */,
				FEB931931F02EEF7009659FA /* makestagram_assets in Resources */,
				FEE03D581F016AA300DBD89E /* Main.storyboard in Resources */,
				FEE7BD521F03F4A200A42C10 /* LaunchScreen.storyboard in Resources */,
				FEE7BD4E1F03F48B00A42C10 /* Login.storyboard in Resources */,
				FEB931991F02FA55009659FA /* GoogleService-Info.plist in Resources */,
			);
			runOnlyForDeploymentPostprocessing = 0;
		};
/* End PBXResourcesBuildPhase section */

/* Begin PBXShellScriptBuildPhase section */
		48903AC6E333805B44DAB6A8 /* [CP] Check Pods Manifest.lock */ = {
			isa = PBXShellScriptBuildPhase;
			buildActionMask = 2147483647;
			files = (
			);
			inputPaths = (
			);
			name = "[CP] Check Pods Manifest.lock";
			outputPaths = (
			);
			runOnlyForDeploymentPostprocessing = 0;
			shellPath = /bin/sh;
			shellScript = "diff \"${PODS_PODFILE_DIR_PATH}/Podfile.lock\" \"${PODS_ROOT}/Manifest.lock\" > /dev/null\nif [ $? != 0 ] ; then\n    # print error to STDERR\n    echo \"error: The sandbox is not in sync with the Podfile.lock. Run 'pod install' or update your CocoaPods installation.\" >&2\n    exit 1\nfi\n";
			showEnvVarsInLog = 0;
		};
		BEFA313F93F20EA63FCB585B /* [CP] Copy Pods Resources */ = {
			isa = PBXShellScriptBuildPhase;
			buildActionMask = 2147483647;
			files = (
			);
			inputPaths = (
			);
			name = "[CP] Copy Pods Resources";
			outputPaths = (
			);
			runOnlyForDeploymentPostprocessing = 0;
			shellPath = /bin/sh;
			shellScript = "\"${SRCROOT}/Pods/Target Support Files/Pods-Makestagram/Pods-Makestagram-resources.sh\"\n";
			showEnvVarsInLog = 0;
		};
		D548F49CFF1F6F119866CF5F /* [CP] Embed Pods Frameworks */ = {
			isa = PBXShellScriptBuildPhase;
			buildActionMask = 2147483647;
			files = (
			);
			inputPaths = (
			);
			name = "[CP] Embed Pods Frameworks";
			outputPaths = (
			);
			runOnlyForDeploymentPostprocessing = 0;
			shellPath = /bin/sh;
			shellScript = "\"${SRCROOT}/Pods/Target Support Files/Pods-Makestagram/Pods-Makestagram-frameworks.sh\"\n";
			showEnvVarsInLog = 0;
		};
/* End PBXShellScriptBuildPhase section */

/* Begin PBXSourcesBuildPhase section */
		FEE03D311F01665800DBD89E /* Sources */ = {
			isa = PBXSourcesBuildPhase;
			buildActionMask = 2147483647;
			files = (
				FEE7BD3F1F03F46E00A42C10 /* StorageService.swift in Sources */,
				FEE7BD3A1F03F46500A42C10 /* Storyboard+Utility.swift in Sources */,
				FEE7BD4A1F03F47A00A42C10 /* MainTabBarController.swift in Sources */,
				FEE7BD401F03F46E00A42C10 /* UserService.swift in Sources */,
				FEE7BD381F03F45100A42C10 /* MGPhotoHelper.swift in Sources */,
				FEE7BD541F03FB7B00A42C10 /* Post.swift in Sources */,
				FEE7BD561F03FCE900A42C10 /* UIImage+Size.swift in Sources */,
				FEE03D391F01665800DBD89E /* AppDelegate.swift in Sources */,
				FEE7BD481F03F47A00A42C10 /* HomeViewController.swift in Sources */,
				FEE7BD511F03F4A200A42C10 /* Constants.swift in Sources */,
				FEE7BD471F03F47A00A42C10 /* FindFriendsViewController.swift in Sources */,
				FEE7BD581F03FD3100A42C10 /* StorageReference+Post.swift in Sources */,
				FEE7BD4C1F03F48200A42C10 /* User.swift in Sources */,
				FEE7BD3E1F03F46E00A42C10 /* PostService.swift in Sources */,
				FEE7BD491F03F47A00A42C10 /* LoginViewController.swift in Sources */,
				FEE7BD461F03F47A00A42C10 /* CreateUsernameViewController.swift in Sources */,
			);
			runOnlyForDeploymentPostprocessing = 0;
		};
/* End PBXSourcesBuildPhase section */

/* Begin XCBuildConfiguration section */
		FEE03D451F01665800DBD89E /* Debug */ = {
			isa = XCBuildConfiguration;
			buildSettings = {
				ALWAYS_SEARCH_USER_PATHS = NO;
				CLANG_ANALYZER_NONNULL = YES;
				CLANG_ANALYZER_NUMBER_OBJECT_CONVERSION = YES_AGGRESSIVE;
				CLANG_CXX_LANGUAGE_STANDARD = "gnu++0x";
				CLANG_CXX_LIBRARY = "libc++";
				CLANG_ENABLE_MODULES = YES;
				CLANG_ENABLE_OBJC_ARC = YES;
				CLANG_WARN_BOOL_CONVERSION = YES;
				CLANG_WARN_CONSTANT_CONVERSION = YES;
				CLANG_WARN_DIRECT_OBJC_ISA_USAGE = YES_ERROR;
				CLANG_WARN_DOCUMENTATION_COMMENTS = YES;
				CLANG_WARN_EMPTY_BODY = YES;
				CLANG_WARN_ENUM_CONVERSION = YES;
				CLANG_WARN_INFINITE_RECURSION = YES;
				CLANG_WARN_INT_CONVERSION = YES;
				CLANG_WARN_OBJC_ROOT_CLASS = YES_ERROR;
				CLANG_WARN_SUSPICIOUS_MOVE = YES;
				CLANG_WARN_UNREACHABLE_CODE = YES;
				CLANG_WARN__DUPLICATE_METHOD_MATCH = YES;
				"CODE_SIGN_IDENTITY[sdk=iphoneos*]" = "iPhone Developer";
				COPY_PHASE_STRIP = NO;
				DEBUG_INFORMATION_FORMAT = dwarf;
				ENABLE_STRICT_OBJC_MSGSEND = YES;
				ENABLE_TESTABILITY = YES;
				GCC_C_LANGUAGE_STANDARD = gnu99;
				GCC_DYNAMIC_NO_PIC = NO;
				GCC_NO_COMMON_BLOCKS = YES;
				GCC_OPTIMIZATION_LEVEL = 0;
				GCC_PREPROCESSOR_DEFINITIONS = (
					"DEBUG=1",
					"$(inherited)",
				);
				GCC_WARN_64_TO_32_BIT_CONVERSION = YES;
				GCC_WARN_ABOUT_RETURN_TYPE = YES_ERROR;
				GCC_WARN_UNDECLARED_SELECTOR = YES;
				GCC_WARN_UNINITIALIZED_AUTOS = YES_AGGRESSIVE;
				GCC_WARN_UNUSED_FUNCTION = YES;
				GCC_WARN_UNUSED_VARIABLE = YES;
				IPHONEOS_DEPLOYMENT_TARGET = 10.3;
				MTL_ENABLE_DEBUG_INFO = YES;
				ONLY_ACTIVE_ARCH = YES;
				SDKROOT = iphoneos;
				SWIFT_ACTIVE_COMPILATION_CONDITIONS = DEBUG;
				SWIFT_OPTIMIZATION_LEVEL = "-Onone";
				TARGETED_DEVICE_FAMILY = "1,2";
			};
			name = Debug;
		};
		FEE03D461F01665800DBD89E /* Release */ = {
			isa = XCBuildConfiguration;
			buildSettings = {
				ALWAYS_SEARCH_USER_PATHS = NO;
				CLANG_ANALYZER_NONNULL = YES;
				CLANG_ANALYZER_NUMBER_OBJECT_CONVERSION = YES_AGGRESSIVE;
				CLANG_CXX_LANGUAGE_STANDARD = "gnu++0x";
				CLANG_CXX_LIBRARY = "libc++";
				CLANG_ENABLE_MODULES = YES;
				CLANG_ENABLE_OBJC_ARC = YES;
				CLANG_WARN_BOOL_CONVERSION = YES;
				CLANG_WARN_CONSTANT_CONVERSION = YES;
				CLANG_WARN_DIRECT_OBJC_ISA_USAGE = YES_ERROR;
				CLANG_WARN_DOCUMENTATION_COMMENTS = YES;
				CLANG_WARN_EMPTY_BODY = YES;
				CLANG_WARN_ENUM_CONVERSION = YES;
				CLANG_WARN_INFINITE_RECURSION = YES;
				CLANG_WARN_INT_CONVERSION = YES;
				CLANG_WARN_OBJC_ROOT_CLASS = YES_ERROR;
				CLANG_WARN_SUSPICIOUS_MOVE = YES;
				CLANG_WARN_UNREACHABLE_CODE = YES;
				CLANG_WARN__DUPLICATE_METHOD_MATCH = YES;
				"CODE_SIGN_IDENTITY[sdk=iphoneos*]" = "iPhone Developer";
				COPY_PHASE_STRIP = NO;
				DEBUG_INFORMATION_FORMAT = "dwarf-with-dsym";
				ENABLE_NS_ASSERTIONS = NO;
				ENABLE_STRICT_OBJC_MSGSEND = YES;
				GCC_C_LANGUAGE_STANDARD = gnu99;
				GCC_NO_COMMON_BLOCKS = YES;
				GCC_WARN_64_TO_32_BIT_CONVERSION = YES;
				GCC_WARN_ABOUT_RETURN_TYPE = YES_ERROR;
				GCC_WARN_UNDECLARED_SELECTOR = YES;
				GCC_WARN_UNINITIALIZED_AUTOS = YES_AGGRESSIVE;
				GCC_WARN_UNUSED_FUNCTION = YES;
				GCC_WARN_UNUSED_VARIABLE = YES;
				IPHONEOS_DEPLOYMENT_TARGET = 10.3;
				MTL_ENABLE_DEBUG_INFO = NO;
				SDKROOT = iphoneos;
				SWIFT_OPTIMIZATION_LEVEL = "-Owholemodule";
				TARGETED_DEVICE_FAMILY = "1,2";
				VALIDATE_PRODUCT = YES;
			};
			name = Release;
		};
		FEE03D481F01665800DBD89E /* Debug */ = {
			isa = XCBuildConfiguration;
			baseConfigurationReference = 546B04A22D5BD767592A77DE /* Pods-Makestagram.debug.xcconfig */;
			buildSettings = {
				ASSETCATALOG_COMPILER_APPICON_NAME = AppIcon;
				DEVELOPMENT_TEAM = ZHF2BK8EVZ;
				INFOPLIST_FILE = "$(SRCROOT)/Makestagram/Supporting/Info.plist";
				LD_RUNPATH_SEARCH_PATHS = "$(inherited) @executable_path/Frameworks";
				PRODUCT_BUNDLE_IDENTIFIER = com.jozefporubcin.Makestagram;
				PRODUCT_NAME = "$(TARGET_NAME)";
				SWIFT_VERSION = 3.0;
			};
			name = Debug;
		};
		FEE03D491F01665800DBD89E /* Release */ = {
			isa = XCBuildConfiguration;
			baseConfigurationReference = 805A9D5BBDE4F549DE786CC1 /* Pods-Makestagram.release.xcconfig */;
			buildSettings = {
				ASSETCATALOG_COMPILER_APPICON_NAME = AppIcon;
				DEVELOPMENT_TEAM = ZHF2BK8EVZ;
				INFOPLIST_FILE = "$(SRCROOT)/Makestagram/Supporting/Info.plist";
				LD_RUNPATH_SEARCH_PATHS = "$(inherited) @executable_path/Frameworks";
				PRODUCT_BUNDLE_IDENTIFIER = com.jozefporubcin.Makestagram;
				PRODUCT_NAME = "$(TARGET_NAME)";
				SWIFT_VERSION = 3.0;
			};
			name = Release;
		};
/* End XCBuildConfiguration section */

/* Begin XCConfigurationList section */
		FEE03D301F01665800DBD89E /* Build configuration list for PBXProject "Makestagram" */ = {
			isa = XCConfigurationList;
			buildConfigurations = (
				FEE03D451F01665800DBD89E /* Debug */,
				FEE03D461F01665800DBD89E /* Release */,
			);
			defaultConfigurationIsVisible = 0;
			defaultConfigurationName = Release;
		};
		FEE03D471F01665800DBD89E /* Build configuration list for PBXNativeTarget "Makestagram" */ = {
			isa = XCConfigurationList;
			buildConfigurations = (
				FEE03D481F01665800DBD89E /* Debug */,
				FEE03D491F01665800DBD89E /* Release */,
			);
			defaultConfigurationIsVisible = 0;
			defaultConfigurationName = Release;
		};
/* End XCConfigurationList section */
	};
	rootObject = FEE03D2D1F01665800DBD89E /* Project object */;
}
